<?xml version="1.0" encoding="utf-8"?>
<Project ToolsVersion="4.0" xmlns="http://schemas.microsoft.com/developer/msbuild/2003">
  <ItemGroup>
    <Filter Include="Form Files">
      <UniqueIdentifier>{99349809-55BA-4b9d-BF79-8FDBB0286EB3}</UniqueIdentifier>
      <Extensions>ui</Extensions>
    </Filter>
    <Filter Include="Header Files">
      <UniqueIdentifier>{93995380-89BD-4b04-88EB-625FBE52EBFB}</UniqueIdentifier>
      <Extensions>h</Extensions>
      <ParseFiles>true</ParseFiles>
    </Filter>
    <Filter Include="Source Files">
      <UniqueIdentifier>{4FC737F1-C7A5-4376-A066-2A32D752A2FF}</UniqueIdentifier>
      <Extensions>cpp;cxx;c;def</Extensions>
      <ParseFiles>true</ParseFiles>
    </Filter>
    <Filter Include="Generated Files">
      <UniqueIdentifier>{71ED8ED8-ACB9-4CE9-BBE1-E00B30144E11}</UniqueIdentifier>
      <Extensions>moc;h;cpp</Extensions>
      <ParseFiles>true</ParseFiles>
    </Filter>
    <Filter Include="Generated Files\Debug">
      <UniqueIdentifier>{5da05449-8ee7-406c-b894-a64678e59fd5}</UniqueIdentifier>
      <Extensions>cpp;moc</Extensions>
      <SourceControlFiles>False</SourceControlFiles>
    </Filter>
    <Filter Include="Generated Files\Release">
      <UniqueIdentifier>{432ee6e2-9efa-4591-a2e4-329ea25f0dfd}</UniqueIdentifier>
      <Extensions>cpp;moc</Extensions>
      <SourceControlFiles>False</SourceControlFiles>
    </Filter>
  </ItemGroup>
  <ItemGroup>
    <CustomBuild Include="src\Widgets\MainWindow.hpp">
      <Filter>Header Files</Filter>
    </CustomBuild>
    <CustomBuild Include="src\Widgets\Main\MainWidget.hpp">
      <Filter>Header Files</Filter>
    </CustomBuild>
    <CustomBuild Include="src\Widgets\Main\GLWidget\GLWidget.hpp">
      <Filter>Header Files</Filter>
    </CustomBuild>
    <CustomBuild Include="src\Widgets\Main\Toolbar\ModeSelector.hpp">
      <Filter>Header Files</Filter>
    </CustomBuild>
    <CustomBuild Include="src\Widgets\Main\Toolbar\Toolbar.hpp">
      <Filter>Header Files</Filter>
    </CustomBuild>
    <CustomBuild Include="src\Widgets\Main\Toolbar\TransformSelector.hpp">
      <Filter>Header Files</Filter>
    </CustomBuild>
    <CustomBuild Include="src\Widgets\SceneGraph\SceneGraphTree.hpp">
      <Filter>Header Files</Filter>
    </CustomBuild>
    <CustomBuild Include="src\Widgets\SceneGraph\SceneTreeWidget.hpp">
      <Filter>Header Files</Filter>
    </CustomBuild>
  </ItemGroup>
  <ItemGroup>
    <ClCompile Include="src\Widgets\MainWindow.cpp">
      <Filter>Source Files</Filter>
    </ClCompile>
    <ClCompile Include="src\main.cpp">
      <Filter>Source Files</Filter>
    </ClCompile>
    <ClCompile Include="GeneratedFiles\Debug\moc_MainWindow.cpp">
      <Filter>Generated Files\Debug</Filter>
    </ClCompile>
    <ClCompile Include="GeneratedFiles\Release\moc_MainWindow.cpp">
      <Filter>Generated Files\Release</Filter>
    </ClCompile>
    <ClCompile Include="GeneratedFiles\Debug\moc_GLWidget.cpp">
      <Filter>Generated Files\Debug</Filter>
    </ClCompile>
    <ClCompile Include="GeneratedFiles\Release\moc_GLWidget.cpp">
      <Filter>Generated Files\Release</Filter>
    </ClCompile>
    <ClCompile Include="src\Resource\Image\CheckersImage.cpp">
      <Filter>Source Files</Filter>
    </ClCompile>
    <ClCompile Include="src\Resource\Image\FreeImageImporter.cpp">
      <Filter>Source Files</Filter>
    </ClCompile>
    <ClCompile Include="src\Resource\Image\Image.cpp">
      <Filter>Source Files</Filter>
    </ClCompile>
    <ClCompile Include="src\Resource\Mesh\AssimpMeshImporter.cpp">
      <Filter>Source Files</Filter>
    </ClCompile>
    <ClCompile Include="src\Resource\Mesh\Mesh.cpp">
      <Filter>Source Files</Filter>
    </ClCompile>
    <ClCompile Include="src\Core\Scene\Scene.cpp">
      <Filter>Source Files</Filter>
    </ClCompile>
    <ClCompile Include="src\Util\Config\Config.cpp">
      <Filter>Source Files</Filter>
    </ClCompile>
    <ClCompile Include="src\Util\Config\JSONFileParser.cpp">
      <Filter>Source Files</Filter>
    </ClCompile>
    <ClCompile Include="src\Util\Config\PropertyTreeParser.cpp">
      <Filter>Source Files</Filter>
    </ClCompile>
    <ClCompile Include="src\Util\StringUtil.cpp">
      <Filter>Source Files</Filter>
    </ClCompile>
    <ClCompile Include="src\Resource\Mesh\Dev\CubeMesh.cpp">
      <Filter>Source Files</Filter>
    </ClCompile>
    <ClCompile Include="src\Resource\Mesh\Dev\Grid.cpp">
      <Filter>Source Files</Filter>
    </ClCompile>
    <ClCompile Include="src\Core\Scene\SceneNode.cpp">
      <Filter>Source Files</Filter>
    </ClCompile>
    <ClCompile Include="src\Core\EngineContext.cpp">
      <Filter>Source Files</Filter>
    </ClCompile>
    <ClCompile Include="src\Widgets\SceneGraph\SceneGraphTree.cpp">
      <Filter>Source Files</Filter>
    </ClCompile>
    <ClCompile Include="src\Widgets\SceneGraph\SceneNodeTreeItem.cpp">
      <Filter>Source Files</Filter>
    </ClCompile>
    <ClCompile Include="src\Widgets\SceneGraph\SceneTreeWidget.cpp">
      <Filter>Source Files</Filter>
    </ClCompile>
    <ClCompile Include="src\Widgets\Inspector\InspectorWidget.cpp">
      <Filter>Source Files</Filter>
    </ClCompile>
    <ClCompile Include="src\Widgets\Inspector\InspectorSubWidget.cpp">
      <Filter>Source Files</Filter>
    </ClCompile>
    <ClCompile Include="src\Widgets\Inspector\HeaderWidget.cpp">
      <Filter>Source Files</Filter>
    </ClCompile>
    <ClCompile Include="GeneratedFiles\Debug\moc_MainWidget.cpp">
      <Filter>Generated Files\Debug</Filter>
    </ClCompile>
    <ClCompile Include="GeneratedFiles\Release\moc_MainWidget.cpp">
      <Filter>Generated Files\Release</Filter>
    </ClCompile>
    <ClCompile Include="src\Core\Jobs\JobManager.cpp">
      <Filter>Source Files</Filter>
    </ClCompile>
    <ClCompile Include="src\Core\Jobs\Job.cpp">
      <Filter>Source Files</Filter>
    </ClCompile>
    <ClCompile Include="src\Core\Jobs\CameraUpdateJob.cpp">
      <Filter>Source Files</Filter>
    </ClCompile>
    <ClCompile Include="src\Util\Clock.cpp">
      <Filter>Source Files</Filter>
    </ClCompile>
    <ClCompile Include="src\Core\Jobs\TickingJob.cpp">
      <Filter>Source Files</Filter>
    </ClCompile>
    <ClCompile Include="src\Resource\Mesh\Dev\LineMesh.cpp">
      <Filter>Source Files</Filter>
    </ClCompile>
    <ClCompile Include="src\Resource\Image\RGBImage.cpp">
      <Filter>Source Files</Filter>
    </ClCompile>
    <ClCompile Include="src\Util\Math\MatrixDecompose.cpp">
      <Filter>Source Files</Filter>
    </ClCompile>
    <ClCompile Include="src\Core\Selection\Selection.cpp">
      <Filter>Source Files</Filter>
    </ClCompile>
    <ClCompile Include="src\Util\Math\Line.cpp">
      <Filter>Source Files</Filter>
    </ClCompile>
    <ClCompile Include="GeneratedFiles\Debug\moc_ModeSelector.cpp">
      <Filter>Generated Files\Debug</Filter>
    </ClCompile>
    <ClCompile Include="GeneratedFiles\Release\moc_ModeSelector.cpp">
      <Filter>Generated Files\Release</Filter>
    </ClCompile>
    <ClCompile Include="GeneratedFiles\Debug\moc_Toolbar.cpp">
      <Filter>Generated Files\Debug</Filter>
    </ClCompile>
    <ClCompile Include="GeneratedFiles\Release\moc_Toolbar.cpp">
      <Filter>Generated Files\Release</Filter>
    </ClCompile>
    <ClCompile Include="GeneratedFiles\Debug\moc_TransformSelector.cpp">
      <Filter>Generated Files\Debug</Filter>
    </ClCompile>
    <ClCompile Include="GeneratedFiles\Release\moc_TransformSelector.cpp">
      <Filter>Generated Files\Release</Filter>
    </ClCompile>
    <ClCompile Include="src\Core\Scene\Cameras\Camera.cpp">
      <Filter>Source Files</Filter>
    </ClCompile>
    <ClCompile Include="src\Core\Scene\Cameras\CameraController.cpp">
      <Filter>Source Files</Filter>
    </ClCompile>
    <ClCompile Include="src\Core\Scene\Cameras\FreeRoamCameraController.cpp">
      <Filter>Source Files</Filter>
    </ClCompile>
    <ClCompile Include="src\Core\Scene\TransformHook\LineHook.cpp">
      <Filter>Source Files</Filter>
    </ClCompile>
    <ClCompile Include="src\Core\Scene\TransformHook\ScaleHook.cpp">
      <Filter>Source Files</Filter>
    </ClCompile>
    <ClCompile Include="src\Core\Scene\TransformHook\TranslateHook.cpp">
      <Filter>Source Files</Filter>
    </ClCompile>
    <ClCompile Include="src\Core\Components\Render\RenderComponent.cpp">
      <Filter>Source Files</Filter>
    </ClCompile>
    <ClCompile Include="src\Core\Components\Render\StaticObjectRenderComponent.cpp">
      <Filter>Source Files</Filter>
    </ClCompile>
    <ClCompile Include="src\Core\Components\Transform\TransformComponent.cpp">
      <Filter>Source Files</Filter>
    </ClCompile>
    <ClCompile Include="src\Core\Components\Component.cpp">
      <Filter>Source Files</Filter>
    </ClCompile>
    <ClCompile Include="src\Core\Inputs\KeyboardState.cpp">
      <Filter>Source Files</Filter>
    </ClCompile>
    <ClCompile Include="src\Core\Inputs\MouseState.cpp">
      <Filter>Source Files</Filter>
    </ClCompile>
    <ClCompile Include="src\Core\Inputs\MouseController.cpp">
      <Filter>Source Files</Filter>
    </ClCompile>
    <ClCompile Include="src\Core\Graphics\Renderer.cpp">
      <Filter>Source Files</Filter>
    </ClCompile>
    <ClCompile Include="src\Core\Graphics\VertexBuffer\LoadableVertexBufferHandle.cpp">
      <Filter>Source Files</Filter>
    </ClCompile>
    <ClCompile Include="src\Core\Graphics\VertexBuffer\VertexBufferCache.cpp">
      <Filter>Source Files</Filter>
    </ClCompile>
    <ClCompile Include="src\Core\Graphics\Texture\LoadableTextureHandle.cpp">
      <Filter>Source Files</Filter>
    </ClCompile>
    <ClCompile Include="src\Core\Graphics\Texture\TextureCache.cpp">
      <Filter>Source Files</Filter>
    </ClCompile>
    <ClCompile Include="src\Resource\Resources.cpp">
      <Filter>Source Files</Filter>
    </ClCompile>
    <ClCompile Include="src\Core\Graphics\GraphicsContext.cpp">
      <Filter>Source Files</Filter>
    </ClCompile>
    <ClCompile Include="src\Widgets\Main\MainWidget.cpp">
      <Filter>Source Files</Filter>
    </ClCompile>
    <ClCompile Include="src\Widgets\Main\GLWidget\GLWidget.cpp">
      <Filter>Source Files</Filter>
    </ClCompile>
    <ClCompile Include="src\Widgets\Main\Toolbar\ModeSelector.cpp">
      <Filter>Source Files</Filter>
    </ClCompile>
    <ClCompile Include="src\Widgets\Main\Toolbar\Toolbar.cpp">
      <Filter>Source Files</Filter>
    </ClCompile>
    <ClCompile Include="src\Widgets\Main\Toolbar\TransformSelector.cpp">
      <Filter>Source Files</Filter>
    </ClCompile>
    <ClCompile Include="src\Core\Scene\TransformHook\RotateHook.cpp">
      <Filter>Source Files</Filter>
    </ClCompile>
    <ClCompile Include="src\Core\Scene\TransformHook\TransformHook.cpp">
      <Filter>Source Files</Filter>
    </ClCompile>
    <ClCompile Include="src\Core\Scene\TransformHook\CircleHook.cpp">
      <Filter>Source Files</Filter>
    </ClCompile>
    <ClCompile Include="src\Resource\Mesh\Dev\CircleMesh.cpp">
      <Filter>Source Files</Filter>
    </ClCompile>
    <ClCompile Include="src\Util\Math\Plane.cpp">
      <Filter>Source Files</Filter>
    </ClCompile>
    <ClCompile Include="src\Util\Serialization\Chunk.cpp">
      <Filter>Source Files</Filter>
    </ClCompile>
    <ClCompile Include="src\Util\Serialization\ByteAccumulator.cpp">
      <Filter>Source Files</Filter>
    </ClCompile>
    <ClCompile Include="src\Util\Serialization\ByteParser.cpp">
      <Filter>Source Files</Filter>
    </ClCompile>
    <ClCompile Include="src\Subsystem\Graphics\Api\Texture\DefaultTextureHandle.cpp">
      <Filter>Source Files</Filter>
    </ClCompile>
    <ClCompile Include="src\Subsystem\Graphics\Api\Texture\TextureBuildOptions.cpp">
      <Filter>Source Files</Filter>
    </ClCompile>
    <ClCompile Include="src\Subsystem\Graphics\Api\VertexBuffer\DefaultVertexBufferHandle.cpp">
      <Filter>Source Files</Filter>
    </ClCompile>
    <ClCompile Include="src\Subsystem\Graphics\Api\VertexBuffer\VertexBufferData.cpp">
      <Filter>Source Files</Filter>
    </ClCompile>
    <ClCompile Include="src\Subsystem\Graphics\Api\RenderData.cpp">
      <Filter>Source Files</Filter>
    </ClCompile>
    <ClCompile Include="src\Subsystem\Graphics\Api\RenderOptions.cpp">
      <Filter>Source Files</Filter>
    </ClCompile>
    <ClCompile Include="src\Subsystem\Graphics\Api\Viewport.cpp">
      <Filter>Source Files</Filter>
    </ClCompile>
    <ClCompile Include="src\Subsystem\Graphics\Impl\OpenGL\Framebuffer\FrameBufferObject.cpp">
      <Filter>Source Files</Filter>
    </ClCompile>
    <ClCompile Include="src\Subsystem\Graphics\Impl\OpenGL\Framebuffer\GBuffer.cpp">
      <Filter>Source Files</Filter>
    </ClCompile>
    <ClCompile Include="src\Subsystem\Graphics\Impl\OpenGL\PixelBuffer\PixelBufferCache.cpp">
      <Filter>Source Files</Filter>
    </ClCompile>
    <ClCompile Include="src\Subsystem\Graphics\Impl\OpenGL\Shaders\GLSLProgram.cpp">
      <Filter>Source Files</Filter>
    </ClCompile>
    <ClCompile Include="src\Subsystem\Graphics\Impl\OpenGL\Shaders\GLSLShader.cpp">
      <Filter>Source Files</Filter>
    </ClCompile>
    <ClCompile Include="src\Subsystem\Graphics\Impl\OpenGL\Shaders\ShaderStore.cpp">
      <Filter>Source Files</Filter>
    </ClCompile>
    <ClCompile Include="src\Subsystem\Graphics\Impl\OpenGL\Textures\DevTexture.cpp">
      <Filter>Source Files</Filter>
    </ClCompile>
    <ClCompile Include="src\Subsystem\Graphics\Impl\OpenGL\Textures\Texture.cpp">
      <Filter>Source Files</Filter>
    </ClCompile>
    <ClCompile Include="src\Subsystem\Graphics\Impl\OpenGL\Textures\WhiteTexture.cpp">
      <Filter>Source Files</Filter>
    </ClCompile>
    <ClCompile Include="src\Subsystem\Graphics\Impl\OpenGL\OpenGL43Graphics.cpp">
      <Filter>Source Files</Filter>
    </ClCompile>
    <ClCompile Include="src\Util\Serialization\FileWriter.cpp">
      <Filter>Source Files</Filter>
    </ClCompile>
    <ClCompile Include="src\Core\Components\Render\SpriteRenderComponent.cpp">
      <Filter>Source Files</Filter>
    </ClCompile>
    <ClCompile Include="src\Core\Components\Render\DirectLightRenderComponent.cpp">
      <Filter>Source Files</Filter>
    </ClCompile>
    <ClCompile Include="src\Resource\Mesh\Dev\DirectLightMesh.cpp">
      <Filter>Source Files</Filter>
    </ClCompile>
    <ClCompile Include="src\Subsystem\Graphics\Api\Lighting\DirectLight.cpp">
      <Filter>Source Files</Filter>
    </ClCompile>
    <ClCompile Include="src\Core\Components\Lighting\DirectLightComponent.cpp">
      <Filter>Source Files</Filter>
    </ClCompile>
    <ClCompile Include="src\Subsystem\Graphics\Impl\OpenGL\Framebuffer\LightBuffer.cpp">
      <Filter>Source Files</Filter>
    </ClCompile>
    <ClCompile Include="src\Resource\Mesh\Dev\Screen.cpp">
      <Filter>Source Files</Filter>
    </ClCompile>
    <ClCompile Include="src\Subsystem\Graphics\Impl\OpenGL\Framebuffer\ShadedBuffer.cpp">
      <Filter>Source Files</Filter>
    </ClCompile>
    <ClCompile Include="src\Core\Components\Material\MaterialComponent.cpp">
      <Filter>Source Files</Filter>
    </ClCompile>
    <ClCompile Include="src\Widgets\Inspector\Lighting\DirectLightWidget.cpp">
      <Filter>Source Files</Filter>
    </ClCompile>
    <ClCompile Include="src\Widgets\Inspector\Transform\TransformWidget.cpp">
      <Filter>Source Files</Filter>
    </ClCompile>
    <ClCompile Include="src\Widgets\Inspector\Material\MaterialWidget.cpp">
      <Filter>Source Files</Filter>
    </ClCompile>
    <ClCompile Include="src\Widgets\Inspector\Material\AddMaterialWidget.cpp">
      <Filter>Source Files</Filter>
    </ClCompile>
    <ClCompile Include="src\Subsystem\Graphics\Api\Material\Material.cpp">
      <Filter>Source Files</Filter>
    </ClCompile>
    <ClCompile Include="GeneratedFiles\Debug\moc_SceneGraphTree.cpp">
      <Filter>Generated Files\Debug</Filter>
    </ClCompile>
    <ClCompile Include="GeneratedFiles\Release\moc_SceneGraphTree.cpp">
      <Filter>Generated Files\Release</Filter>
    </ClCompile>
    <ClCompile Include="GeneratedFiles\Debug\moc_SceneTreeWidget.cpp">
      <Filter>Generated Files\Debug</Filter>
    </ClCompile>
    <ClCompile Include="GeneratedFiles\Release\moc_SceneTreeWidget.cpp">
      <Filter>Generated Files\Release</Filter>
    </ClCompile>
    <ClCompile Include="src\Widgets\Inspector\Material\DelegateMaterialWidget.cpp">
      <Filter>Source Files</Filter>
    </ClCompile>
    <ClCompile Include="src\Subsystem\Graphics\Api\Frustrum.cpp">
      <Filter>Source Files</Filter>
    </ClCompile>
    <ClCompile Include="src\Subsystem\Graphics\Impl\OpenGL\Framebuffer\ShadowMapBuffer.cpp">
      <Filter>Source Files</Filter>
    </ClCompile>
  </ItemGroup>
  <ItemGroup>
    <ClInclude Include="src\Resource\Image\CheckersImage.hpp">
      <Filter>Header Files</Filter>
    </ClInclude>
    <ClInclude Include="src\Resource\Image\FreeImage.h">
      <Filter>Header Files</Filter>
    </ClInclude>
    <ClInclude Include="src\Resource\Image\FreeImageImporter.hpp">
      <Filter>Header Files</Filter>
    </ClInclude>
    <ClInclude Include="src\Resource\Image\Image.hpp">
      <Filter>Header Files</Filter>
    </ClInclude>
    <ClInclude Include="src\Resource\Image\ImageImporter.hpp">
      <Filter>Header Files</Filter>
    </ClInclude>
    <ClInclude Include="src\Resource\Mesh\AssimpMeshImporter.hpp">
      <Filter>Header Files</Filter>
    </ClInclude>
    <ClInclude Include="src\Resource\Mesh\Mesh.hpp">
      <Filter>Header Files</Filter>
    </ClInclude>
    <ClInclude Include="src\Resource\Mesh\MeshImporter.hpp">
      <Filter>Header Files</Filter>
    </ClInclude>
    <ClInclude Include="src\Core\Scene\Scene.hpp">
      <Filter>Header Files</Filter>
    </ClInclude>
    <ClInclude Include="src\Util\Config\Config.hpp">
      <Filter>Header Files</Filter>
    </ClInclude>
    <ClInclude Include="src\Util\Config\JSONFileParser.hpp">
      <Filter>Header Files</Filter>
    </ClInclude>
    <ClInclude Include="src\Util\Config\PropertyTreeParser.hpp">
      <Filter>Header Files</Filter>
    </ClInclude>
    <ClInclude Include="src\Util\Math\MathUtil.hpp">
      <Filter>Header Files</Filter>
    </ClInclude>
    <ClInclude Include="src\Util\Math\Matrix.hpp">
      <Filter>Header Files</Filter>
    </ClInclude>
    <ClInclude Include="src\Util\StringUtil.hpp">
      <Filter>Header Files</Filter>
    </ClInclude>
    <ClInclude Include="..\..\Argo Engine\v1.1\ArgoEngine\timer.h">
      <Filter>Header Files</Filter>
    </ClInclude>
    <ClInclude Include="src\Util\timer.hpp">
      <Filter>Header Files</Filter>
    </ClInclude>
    <ClInclude Include="src\Resource\Mesh\Dev\CubeMesh.hpp">
      <Filter>Header Files</Filter>
    </ClInclude>
    <ClInclude Include="src\Resource\Mesh\Dev\Grid.hpp">
      <Filter>Header Files</Filter>
    </ClInclude>
    <ClInclude Include="src\Core\Scene\SceneNode.hpp">
      <Filter>Header Files</Filter>
    </ClInclude>
    <ClInclude Include="src\Core\EngineContext.hpp">
      <Filter>Header Files</Filter>
    </ClInclude>
    <ClInclude Include="src\Widgets\SceneGraph\SceneNodeTreeItem.hpp">
      <Filter>Header Files</Filter>
    </ClInclude>
    <ClInclude Include="src\Util\Listener.hpp">
      <Filter>Header Files</Filter>
    </ClInclude>
    <ClInclude Include="src\Util\FunctionUtil.hpp">
      <Filter>Header Files</Filter>
    </ClInclude>
    <ClInclude Include="src\Widgets\Inspector\InspectorWidget.hpp">
      <Filter>Header Files</Filter>
    </ClInclude>
    <ClInclude Include="src\Widgets\Inspector\HeaderWidget.hpp">
      <Filter>Header Files</Filter>
    </ClInclude>
    <ClInclude Include="src\Widgets\Inspector\InspectorSubWidget.hpp">
      <Filter>Header Files</Filter>
    </ClInclude>
    <ClInclude Include="src\Core\Jobs\JobManager.hpp">
      <Filter>Header Files</Filter>
    </ClInclude>
    <ClInclude Include="src\Core\Jobs\Job.hpp">
      <Filter>Header Files</Filter>
    </ClInclude>
    <ClInclude Include="src\Core\Jobs\CameraUpdateJob.hpp">
      <Filter>Header Files</Filter>
    </ClInclude>
    <ClInclude Include="src\Util\Clock.hpp">
      <Filter>Header Files</Filter>
    </ClInclude>
    <ClInclude Include="src\Core\Jobs\TickingJob.hpp">
      <Filter>Header Files</Filter>
    </ClInclude>
    <ClInclude Include="src\Resource\Mesh\Dev\LineMesh.hpp">
      <Filter>Header Files</Filter>
    </ClInclude>
    <ClInclude Include="src\Resource\Image\RGBImage.hpp">
      <Filter>Header Files</Filter>
    </ClInclude>
    <ClInclude Include="src\Util\Math\MatrixDecompose.hpp">
      <Filter>Header Files</Filter>
    </ClInclude>
    <ClInclude Include="src\Core\Selection\Selection.hpp">
      <Filter>Header Files</Filter>
    </ClInclude>
    <ClInclude Include="src\Util\Math\Line.hpp">
      <Filter>Header Files</Filter>
    </ClInclude>
    <ClInclude Include="src\Core\Scene\Cameras\Camera.hpp">
      <Filter>Header Files</Filter>
    </ClInclude>
    <ClInclude Include="src\Core\Scene\Cameras\CameraController.hpp">
      <Filter>Header Files</Filter>
    </ClInclude>
    <ClInclude Include="src\Core\Scene\Cameras\FreeRoamCameraController.hpp">
      <Filter>Header Files</Filter>
    </ClInclude>
    <ClInclude Include="src\Core\Scene\TransformHook\LineHook.hpp">
      <Filter>Header Files</Filter>
    </ClInclude>
    <ClInclude Include="src\Core\Scene\TransformHook\ScaleHook.hpp">
      <Filter>Header Files</Filter>
    </ClInclude>
    <ClInclude Include="src\Core\Scene\TransformHook\TransformHook.hpp">
      <Filter>Header Files</Filter>
    </ClInclude>
    <ClInclude Include="src\Core\Scene\TransformHook\TranslateHook.hpp">
      <Filter>Header Files</Filter>
    </ClInclude>
    <ClInclude Include="src\Core\Components\Render\RenderComponent.hpp">
      <Filter>Header Files</Filter>
    </ClInclude>
    <ClInclude Include="src\Core\Components\Render\StaticObjectRenderComponent.hpp">
      <Filter>Header Files</Filter>
    </ClInclude>
    <ClInclude Include="src\Core\Components\Transform\TransformComponent.hpp">
      <Filter>Header Files</Filter>
    </ClInclude>
    <ClInclude Include="src\Core\Components\Component.hpp">
      <Filter>Header Files</Filter>
    </ClInclude>
    <ClInclude Include="src\Core\Inputs\KeyboardState.hpp">
      <Filter>Header Files</Filter>
    </ClInclude>
    <ClInclude Include="src\Core\Inputs\MouseState.hpp">
      <Filter>Header Files</Filter>
    </ClInclude>
    <ClInclude Include="src\Core\Inputs\MouseController.hpp">
      <Filter>Header Files</Filter>
    </ClInclude>
    <ClInclude Include="src\Core\Graphics\Renderer.hpp">
      <Filter>Header Files</Filter>
    </ClInclude>
    <ClInclude Include="src\Core\Graphics\VertexBuffer\LoadableVertexBufferHandle.hpp">
      <Filter>Header Files</Filter>
    </ClInclude>
    <ClInclude Include="src\Core\Graphics\VertexBuffer\VertexBufferCache.hpp">
      <Filter>Header Files</Filter>
    </ClInclude>
    <ClInclude Include="src\Core\Graphics\Texture\LoadableTextureHandle.hpp">
      <Filter>Header Files</Filter>
    </ClInclude>
    <ClInclude Include="src\Core\Graphics\Texture\TextureCache.hpp">
      <Filter>Header Files</Filter>
    </ClInclude>
    <ClInclude Include="src\Resource\Resources.hpp">
      <Filter>Header Files</Filter>
    </ClInclude>
    <ClInclude Include="src\Core\Graphics\GraphicsContext.hpp">
      <Filter>Header Files</Filter>
    </ClInclude>
    <ClInclude Include="src\Util\Locks.hpp">
      <Filter>Header Files</Filter>
    </ClInclude>
    <ClInclude Include="src\Core\Scene\TransformHook\RotateHook.hpp">
      <Filter>Header Files</Filter>
    </ClInclude>
    <ClInclude Include="src\Core\Scene\TransformHook\CircleHook.hpp">
      <Filter>Header Files</Filter>
    </ClInclude>
    <ClInclude Include="src\Resource\Mesh\Dev\CircleMesh.hpp">
      <Filter>Header Files</Filter>
    </ClInclude>
    <ClInclude Include="src\Util\Math\Plane.hpp">
      <Filter>Header Files</Filter>
    </ClInclude>
    <ClInclude Include="src\Util\Serialization\Chunk.hpp">
      <Filter>Header Files</Filter>
    </ClInclude>
    <ClInclude Include="src\Util\Serialization\ByteAccumulator.hpp">
      <Filter>Header Files</Filter>
    </ClInclude>
    <ClInclude Include="src\Util\Serialization\ByteParser.hpp">
      <Filter>Header Files</Filter>
    </ClInclude>
    <ClInclude Include="src\Subsystem\Graphics\Api\Texture\DefaultTextureHandle.hpp">
      <Filter>Header Files</Filter>
    </ClInclude>
    <ClInclude Include="src\Subsystem\Graphics\Api\Texture\TextureBuildOptions.hpp">
      <Filter>Header Files</Filter>
    </ClInclude>
    <ClInclude Include="src\Subsystem\Graphics\Api\Texture\TextureHandle.hpp">
      <Filter>Header Files</Filter>
    </ClInclude>
    <ClInclude Include="src\Subsystem\Graphics\Api\VertexBuffer\DefaultVertexBufferHandle.hpp">
      <Filter>Header Files</Filter>
    </ClInclude>
    <ClInclude Include="src\Subsystem\Graphics\Api\VertexBuffer\VertexBufferData.hpp">
      <Filter>Header Files</Filter>
    </ClInclude>
    <ClInclude Include="src\Subsystem\Graphics\Api\VertexBuffer\VertexBufferHandle.hpp">
      <Filter>Header Files</Filter>
    </ClInclude>
    <ClInclude Include="src\Subsystem\Graphics\Api\DrawMode.hpp">
      <Filter>Header Files</Filter>
    </ClInclude>
    <ClInclude Include="src\Subsystem\Graphics\Api\RenderData.hpp">
      <Filter>Header Files</Filter>
    </ClInclude>
    <ClInclude Include="src\Subsystem\Graphics\Api\RenderOptions.hpp">
      <Filter>Header Files</Filter>
    </ClInclude>
    <ClInclude Include="src\Subsystem\Graphics\Api\Viewport.hpp">
      <Filter>Header Files</Filter>
    </ClInclude>
    <ClInclude Include="src\Subsystem\Graphics\Impl\OpenGL\Framebuffer\FrameBufferObject.hpp" />
    <ClInclude Include="src\Subsystem\Graphics\Impl\OpenGL\Framebuffer\GBuffer.hpp">
      <Filter>Header Files</Filter>
    </ClInclude>
    <ClInclude Include="src\Subsystem\Graphics\Impl\OpenGL\PixelBuffer\PixelBufferCache.hpp">
      <Filter>Header Files</Filter>
    </ClInclude>
    <ClInclude Include="src\Subsystem\Graphics\Impl\OpenGL\Shaders\GLSLProgram.hpp">
      <Filter>Header Files</Filter>
    </ClInclude>
    <ClInclude Include="src\Subsystem\Graphics\Impl\OpenGL\Shaders\GLSLShader.hpp">
      <Filter>Header Files</Filter>
    </ClInclude>
    <ClInclude Include="src\Subsystem\Graphics\Impl\OpenGL\Shaders\ShaderStore.hpp">
      <Filter>Header Files</Filter>
    </ClInclude>
    <ClInclude Include="src\Subsystem\Graphics\Impl\OpenGL\Textures\DevTexture.hpp">
      <Filter>Header Files</Filter>
    </ClInclude>
    <ClInclude Include="src\Subsystem\Graphics\Impl\OpenGL\Textures\Texture.hpp">
      <Filter>Header Files</Filter>
    </ClInclude>
    <ClInclude Include="src\Subsystem\Graphics\Impl\OpenGL\Textures\WhiteTexture.hpp">
      <Filter>Header Files</Filter>
    </ClInclude>
    <ClInclude Include="src\Subsystem\Graphics\Impl\OpenGL\OpenGL43Graphics.hpp">
      <Filter>Header Files</Filter>
    </ClInclude>
    <ClInclude Include="src\Subsystem\Graphics\Graphics.hpp">
      <Filter>Header Files</Filter>
    </ClInclude>
    <ClInclude Include="src\Util\Serialization\Serialization.hpp">
      <Filter>Header Files</Filter>
    </ClInclude>
    <ClInclude Include="src\Util\Serialization\FileWriter.hpp">
      <Filter>Header Files</Filter>
    </ClInclude>
    <ClInclude Include="src\Util\MemoryUtil.hpp">
      <Filter>Header Files</Filter>
    </ClInclude>
    <ClInclude Include="src\Core\Components\Render\SpriteRenderComponent.hpp">
      <Filter>Header Files</Filter>
    </ClInclude>
    <ClInclude Include="src\Core\Components\Render\DirectLightRenderComponent.hpp">
      <Filter>Header Files</Filter>
    </ClInclude>
    <ClInclude Include="src\Resource\Mesh\Dev\DirectLightMesh.hpp">
      <Filter>Header Files</Filter>
    </ClInclude>
    <ClInclude Include="src\Subsystem\Graphics\Api\Lighting\DirectLight.hpp">
      <Filter>Header Files</Filter>
    </ClInclude>
    <ClInclude Include="src\Core\Components\Lighting\DirectLightComponent.hpp">
      <Filter>Header Files</Filter>
    </ClInclude>
    <ClInclude Include="src\Subsystem\Graphics\Impl\OpenGL\Framebuffer\LightBuffer.hpp">
      <Filter>Header Files</Filter>
    </ClInclude>
    <ClInclude Include="src\Resource\Mesh\Dev\Screen.hpp">
      <Filter>Header Files</Filter>
    </ClInclude>
    <ClInclude Include="src\Subsystem\Graphics\Impl\OpenGL\Framebuffer\ShadedBuffer.hpp">
      <Filter>Header Files</Filter>
    </ClInclude>
    <ClInclude Include="src\Core\Components\Material\MaterialComponent.hpp">
      <Filter>Header Files</Filter>
    </ClInclude>
    <ClInclude Include="src\Widgets\Inspector\Lighting\DirectLightWidget.hpp">
      <Filter>Header Files</Filter>
    </ClInclude>
    <ClInclude Include="src\Widgets\Inspector\Transform\TransformWidget.hpp">
      <Filter>Header Files</Filter>
    </ClInclude>
    <ClInclude Include="src\Widgets\Inspector\Material\MaterialWidget.hpp">
      <Filter>Header Files</Filter>
    </ClInclude>
    <ClInclude Include="src\Widgets\Inspector\Material\AddMaterialWidget.hpp">
      <Filter>Header Files</Filter>
    </ClInclude>
    <ClInclude Include="src\Subsystem\Graphics\Api\Material\Material.hpp">
      <Filter>Header Files</Filter>
    </ClInclude>
    <ClInclude Include="src\Widgets\Inspector\Material\DelegateMaterialWidget.hpp">
      <Filter>Header Files</Filter>
    </ClInclude>
    <ClInclude Include="src\Subsystem\Graphics\Api\Frustrum.hpp">
      <Filter>Header Files</Filter>
    </ClInclude>
    <ClInclude Include="src\Subsystem\Graphics\Impl\OpenGL\Framebuffer\ShadowMapBuffer.hpp">
      <Filter>Header Files</Filter>
    </ClInclude>
  </ItemGroup>
  <ItemGroup>
    <None Include="ClassDiagram.cd" />
    <None Include="Resources\Shaders\v_GBuffer.glsl" />
    <None Include="Resources\Shaders\f_GBuffer.glsl" />
    <None Include="Resources\Shaders\v_light.glsl" />
    <None Include="Resources\Shaders\f_dlight.glsl" />
    <None Include="Resources\Shaders\v_final.glsl" />
    <None Include="Resources\Shaders\f_final.glsl" />
  </ItemGroup>
</Project>